
Microsoft Visual Studio Solution File, Format Version 12.00
# Visual Studio Version 17
VisualStudioVersion = 17.13.35825.156
MinimumVisualStudioVersion = 10.0.40219.1
Project("{FAE04EC0-301F-11D3-BF4B-00C04F79EFBC}") = "backend.API", "backend.API\backend.API.csproj", "{3099D72E-018F-53A0-4784-AB5C5495B65A}"
EndProject
Project("{FAE04EC0-301F-11D3-BF4B-00C04F79EFBC}") = "backend.Core", "backend.Core\backend.Core.csproj", "{025FCB2B-B2B4-A1BD-F289-5D7E38ACDA49}"
EndProject
Project("{FAE04EC0-301F-11D3-BF4B-00C04F79EFBC}") = "backend.DataAccess.Postgres", "backend.DataAccess.Postgres\backend.DataAccess.Postgres.csproj", "{AE41B807-FDDE-1005-FA7E-8BFDCA5B8ED9}"
EndProject
Project("{FAE04EC0-301F-11D3-BF4B-00C04F79EFBC}") = "backend.Infrastructure", "backend.Infrastructure\backend.Infrastructure.csproj", "{20D4AB54-7165-F92E-5417-8419E58E72CA}"
EndProject
Project("{2150E333-8FDC-42A3-9474-1A3956D46DE8}") = "SolutionItems", "SolutionItems", "{02EA681E-C7D8-13C7-8484-4AC65E1B71E8}"
	ProjectSection(SolutionItems) = preProject
		docker-compose.yml = docker-compose.yml
		Dockerfile = Dockerfile
	EndProjectSection
EndProject
Global
	GlobalSection(SolutionConfigurationPlatforms) = preSolution
		Debug|Any CPU = Debug|Any CPU
		Release|Any CPU = Release|Any CPU
	EndGlobalSection
	GlobalSection(ProjectConfigurationPlatforms) = postSolution
		{3099D72E-018F-53A0-4784-AB5C5495B65A}.Debug|Any CPU.ActiveCfg = Debug|Any CPU
		{3099D72E-018F-53A0-4784-AB5C5495B65A}.Debug|Any CPU.Build.0 = Debug|Any CPU
		{3099D72E-018F-53A0-4784-AB5C5495B65A}.Release|Any CPU.ActiveCfg = Release|Any CPU
		{3099D72E-018F-53A0-4784-AB5C5495B65A}.Release|Any CPU.Build.0 = Release|Any CPU
		{025FCB2B-B2B4-A1BD-F289-5D7E38ACDA49}.Debug|Any CPU.ActiveCfg = Debug|Any CPU
		{025FCB2B-B2B4-A1BD-F289-5D7E38ACDA49}.Debug|Any CPU.Build.0 = Debug|Any CPU
		{025FCB2B-B2B4-A1BD-F289-5D7E38ACDA49}.Release|Any CPU.ActiveCfg = Release|Any CPU
		{025FCB2B-B2B4-A1BD-F289-5D7E38ACDA49}.Release|Any CPU.Build.0 = Release|Any CPU
		{AE41B807-FDDE-1005-FA7E-8BFDCA5B8ED9}.Debug|Any CPU.ActiveCfg = Debug|Any CPU
		{AE41B807-FDDE-1005-FA7E-8BFDCA5B8ED9}.Debug|Any CPU.Build.0 = Debug|Any CPU
		{AE41B807-FDDE-1005-FA7E-8BFDCA5B8ED9}.Release|Any CPU.ActiveCfg = Release|Any CPU
		{AE41B807-FDDE-1005-FA7E-8BFDCA5B8ED9}.Release|Any CPU.Build.0 = Release|Any CPU
		{20D4AB54-7165-F92E-5417-8419E58E72CA}.Debug|Any CPU.ActiveCfg = Debug|Any CPU
		{20D4AB54-7165-F92E-5417-8419E58E72CA}.Debug|Any CPU.Build.0 = Debug|Any CPU
		{20D4AB54-7165-F92E-5417-8419E58E72CA}.Release|Any CPU.ActiveCfg = Release|Any CPU
		{20D4AB54-7165-F92E-5417-8419E58E72CA}.Release|Any CPU.Build.0 = Release|Any CPU
	EndGlobalSection
	GlobalSection(SolutionProperties) = preSolution
		HideSolutionNode = FALSE
	EndGlobalSection
	GlobalSection(ExtensibilityGlobals) = postSolution
		SolutionGuid = {9D8088A2-12DE-4789-956F-54A2BCC7B00E}
	EndGlobalSection
EndGlobal
